
Microsoft Visual Studio Solution File, Format Version 12.00
# Visual Studio Version 17
VisualStudioVersion = 17.14.36310.24
MinimumVisualStudioVersion = 10.0.40219.1
Project("{2150E333-8FDC-42A3-9474-1A3956D46DE8}") = "src", "src", "{02EA681E-C7D8-13C7-8484-4AC65E1B71E8}"
EndProject
Project("{FAE04EC0-301F-11D3-BF4B-00C04F79EFBC}") = "SubiletServer.Domain", "src\SubiletServer.Domain\SubiletServer.Domain.csproj", "{B76E2FD7-6853-4E9E-A61E-507CD591A452}"
EndProject
Project("{FAE04EC0-301F-11D3-BF4B-00C04F79EFBC}") = "SubiletServer.Application", "src\SubiletServer.Application\SubiletServer.Application.csproj", "{5D8866B0-B93C-D975-78D7-ABAE55DB9B4F}"
EndProject
Project("{FAE04EC0-301F-11D3-BF4B-00C04F79EFBC}") = "SubiletServer.WebAPI", "src\SubiletServer.WebAPI\SubiletServer.WebAPI.csproj", "{ED59E48F-70B9-402C-8410-9863AD44872E}"
EndProject
Project("{FAE04EC0-301F-11D3-BF4B-00C04F79EFBC}") = "SubiletServer.Infrastructure", "src\SubiletServer.Infrastructure\SubiletServer.Infrastructure.csproj", "{74298A46-4B7A-4A6D-B008-7F8B39623151}"
EndProject
Project("{2150E333-8FDC-42A3-9474-1A3956D46DE8}") = "Solution Items", "Solution Items", "{8EC462FD-D22E-90A8-E5CE-7E832BA40C5D}"
	ProjectSection(SolutionItems) = preProject
		.gitignore = .gitignore
	EndProjectSection
EndProject
Global
	GlobalSection(SolutionConfigurationPlatforms) = preSolution
		Debug|Any CPU = Debug|Any CPU
		Release|Any CPU = Release|Any CPU
	EndGlobalSection
	GlobalSection(ProjectConfigurationPlatforms) = postSolution
		{B76E2FD7-6853-4E9E-A61E-507CD591A452}.Debug|Any CPU.ActiveCfg = Debug|Any CPU
		{B76E2FD7-6853-4E9E-A61E-507CD591A452}.Debug|Any CPU.Build.0 = Debug|Any CPU
		{B76E2FD7-6853-4E9E-A61E-507CD591A452}.Release|Any CPU.ActiveCfg = Release|Any CPU
		{B76E2FD7-6853-4E9E-A61E-507CD591A452}.Release|Any CPU.Build.0 = Release|Any CPU
		{5D8866B0-B93C-D975-78D7-ABAE55DB9B4F}.Debug|Any CPU.ActiveCfg = Debug|Any CPU
		{5D8866B0-B93C-D975-78D7-ABAE55DB9B4F}.Debug|Any CPU.Build.0 = Debug|Any CPU
		{5D8866B0-B93C-D975-78D7-ABAE55DB9B4F}.Release|Any CPU.ActiveCfg = Release|Any CPU
		{5D8866B0-B93C-D975-78D7-ABAE55DB9B4F}.Release|Any CPU.Build.0 = Release|Any CPU
		{ED59E48F-70B9-402C-8410-9863AD44872E}.Debug|Any CPU.ActiveCfg = Debug|Any CPU
		{ED59E48F-70B9-402C-8410-9863AD44872E}.Debug|Any CPU.Build.0 = Debug|Any CPU
		{ED59E48F-70B9-402C-8410-9863AD44872E}.Release|Any CPU.ActiveCfg = Release|Any CPU
		{ED59E48F-70B9-402C-8410-9863AD44872E}.Release|Any CPU.Build.0 = Release|Any CPU
		{74298A46-4B7A-4A6D-B008-7F8B39623151}.Debug|Any CPU.ActiveCfg = Debug|Any CPU
		{74298A46-4B7A-4A6D-B008-7F8B39623151}.Debug|Any CPU.Build.0 = Debug|Any CPU
		{74298A46-4B7A-4A6D-B008-7F8B39623151}.Release|Any CPU.ActiveCfg = Release|Any CPU
		{74298A46-4B7A-4A6D-B008-7F8B39623151}.Release|Any CPU.Build.0 = Release|Any CPU
	EndGlobalSection
	GlobalSection(SolutionProperties) = preSolution
		HideSolutionNode = FALSE
	EndGlobalSection
	GlobalSection(NestedProjects) = preSolution
		{B76E2FD7-6853-4E9E-A61E-507CD591A452} = {02EA681E-C7D8-13C7-8484-4AC65E1B71E8}
		{5D8866B0-B93C-D975-78D7-ABAE55DB9B4F} = {02EA681E-C7D8-13C7-8484-4AC65E1B71E8}
		{ED59E48F-70B9-402C-8410-9863AD44872E} = {02EA681E-C7D8-13C7-8484-4AC65E1B71E8}
		{74298A46-4B7A-4A6D-B008-7F8B39623151} = {02EA681E-C7D8-13C7-8484-4AC65E1B71E8}
	EndGlobalSection
	GlobalSection(ExtensibilityGlobals) = postSolution
		SolutionGuid = {EE5D2712-F889-4A9B-9F0A-99BEBE74FC0E}
	EndGlobalSection
EndGlobal
