
Microsoft Visual Studio Solution File, Format Version 12.00
# Visual Studio Version 17
VisualStudioVersion = 17.13.35825.156 d17.13
MinimumVisualStudioVersion = 10.0.40219.1
Project("{FAE04EC0-301F-11D3-BF4B-00C04F79EFBC}") = "subiletbackend", "subiletbackend\subiletbackend.csproj", "{59E5D064-9754-4CCB-804D-44A7641D171C}"
EndProject
Global
	GlobalSection(SolutionConfigurationPlatforms) = preSolution
		Debug|Any CPU = Debug|Any CPU
		Release|Any CPU = Release|Any CPU
	EndGlobalSection
	GlobalSection(ProjectConfigurationPlatforms) = postSolution
		{59E5D064-9754-4CCB-804D-44A7641D171C}.Debug|Any CPU.ActiveCfg = Debug|Any CPU
		{59E5D064-9754-4CCB-804D-44A7641D171C}.Debug|Any CPU.Build.0 = Debug|Any CPU
		{59E5D064-9754-4CCB-804D-44A7641D171C}.Release|Any CPU.ActiveCfg = Release|Any CPU
		{59E5D064-9754-4CCB-804D-44A7641D171C}.Release|Any CPU.Build.0 = Release|Any CPU
	EndGlobalSection
	GlobalSection(SolutionProperties) = preSolution
		HideSolutionNode = FALSE
	EndGlobalSection
	GlobalSection(ExtensibilityGlobals) = postSolution
		SolutionGuid = {79B97536-3119-4DEE-9E9F-427249B3B8C1}
	EndGlobalSection
EndGlobal
